
Microsoft Visual Studio Solution File, Format Version 12.00
# Visual Studio Version 17
VisualStudioVersion = 17.3.32901.215
MinimumVisualStudioVersion = 10.0.40219.1
Project("{9A19103F-16F7-4668-BE54-9A1E7A4F7556}") = "Zummit.Auth", "src\Zummit.Auth\Zummit.Auth.csproj", "{AABA1C5D-7FBC-4BBE-A6E0-5C08D274D858}"
EndProject
Project("{9A19103F-16F7-4668-BE54-9A1E7A4F7556}") = "Zummit.Conta", "src\Zummit.Conta\Zummit.Conta.csproj", "{0408F56A-841E-46BC-B9DA-F481857965B9}"
EndProject
Project("{FAE04EC0-301F-11D3-BF4B-00C04F79EFBC}") = "WebApiTeste", "src\WebApiTeste\WebApiTeste.csproj", "{05250CB6-96F3-475B-BDC8-92C432E3D8DC}"
EndProject
Global
	GlobalSection(SolutionConfigurationPlatforms) = preSolution
		Debug|Any CPU = Debug|Any CPU
		Release|Any CPU = Release|Any CPU
	EndGlobalSection
	GlobalSection(ProjectConfigurationPlatforms) = postSolution
		{AABA1C5D-7FBC-4BBE-A6E0-5C08D274D858}.Debug|Any CPU.ActiveCfg = Debug|Any CPU
		{AABA1C5D-7FBC-4BBE-A6E0-5C08D274D858}.Debug|Any CPU.Build.0 = Debug|Any CPU
		{AABA1C5D-7FBC-4BBE-A6E0-5C08D274D858}.Release|Any CPU.ActiveCfg = Release|Any CPU
		{AABA1C5D-7FBC-4BBE-A6E0-5C08D274D858}.Release|Any CPU.Build.0 = Release|Any CPU
		{0408F56A-841E-46BC-B9DA-F481857965B9}.Debug|Any CPU.ActiveCfg = Debug|Any CPU
		{0408F56A-841E-46BC-B9DA-F481857965B9}.Debug|Any CPU.Build.0 = Debug|Any CPU
		{0408F56A-841E-46BC-B9DA-F481857965B9}.Release|Any CPU.ActiveCfg = Release|Any CPU
		{0408F56A-841E-46BC-B9DA-F481857965B9}.Release|Any CPU.Build.0 = Release|Any CPU
		{05250CB6-96F3-475B-BDC8-92C432E3D8DC}.Debug|Any CPU.ActiveCfg = Debug|Any CPU
		{05250CB6-96F3-475B-BDC8-92C432E3D8DC}.Debug|Any CPU.Build.0 = Debug|Any CPU
		{05250CB6-96F3-475B-BDC8-92C432E3D8DC}.Release|Any CPU.ActiveCfg = Release|Any CPU
		{05250CB6-96F3-475B-BDC8-92C432E3D8DC}.Release|Any CPU.Build.0 = Release|Any CPU
	EndGlobalSection
	GlobalSection(SolutionProperties) = preSolution
		HideSolutionNode = FALSE
	EndGlobalSection
	GlobalSection(ExtensibilityGlobals) = postSolution
		SolutionGuid = {3492E147-C10E-4360-863D-48A39CFF5942}
	EndGlobalSection
EndGlobal
